// !$*UTF8*$!
{
	archiveVersion = 1;
	classes = {
	};
	objectVersion = 51;
	objects = {

/* Begin PBXBuildFile section */
		D7D825CE26832BD20056C5C7 /* AppDelegate.swift in Sources */ = {isa = PBXBuildFile; fileRef = D7D825CD26832BD20056C5C7 /* AppDelegate.swift */; };
		D7D825D026832BD20056C5C7 /* SceneDelegate.swift in Sources */ = {isa = PBXBuildFile; fileRef = D7D825CF26832BD20056C5C7 /* SceneDelegate.swift */; };
		D7D825D226832BD20056C5C7 /* ViewController.swift in Sources */ = {isa = PBXBuildFile; fileRef = D7D825D126832BD20056C5C7 /* ViewController.swift */; };
		D7D825D526832BD20056C5C7 /* Main.storyboard in Resources */ = {isa = PBXBuildFile; fileRef = D7D825D326832BD20056C5C7 /* Main.storyboard */; };
		D7D825D726832BD40056C5C7 /* Assets.xcassets in Resources */ = {isa = PBXBuildFile; fileRef = D7D825D626832BD40056C5C7 /* Assets.xcassets */; };
		D7D825DA26832BD40056C5C7 /* LaunchScreen.storyboard in Resources */ = {isa = PBXBuildFile; fileRef = D7D825D826832BD40056C5C7 /* LaunchScreen.storyboard */; };
		D7D825F8268336270056C5C7 /* AboutViewController.swift in Sources */ = {isa = PBXBuildFile; fileRef = D7D825F7268336270056C5C7 /* AboutViewController.swift */; };
		F2A02DE4A986DFACDF1964FB /* Pods_training.framework in Frameworks */ = {isa = PBXBuildFile; fileRef = 44481E2523FC6820D949F6EC /* Pods_training.framework */; };
/* End PBXBuildFile section */

/* Begin PBXFileReference section */
		30876009133822EF5D90BE01 /* Pods-training.release.xcconfig */ = {isa = PBXFileReference; includeInIndex = 1; lastKnownFileType = text.xcconfig; name = "Pods-training.release.xcconfig"; path = "Target Support Files/Pods-training/Pods-training.release.xcconfig"; sourceTree = "<group>"; };
		44481E2523FC6820D949F6EC /* Pods_training.framework */ = {isa = PBXFileReference; explicitFileType = wrapper.framework; includeInIndex = 0; path = Pods_training.framework; sourceTree = BUILT_PRODUCTS_DIR; };
		C67207E688BA3928339BF7B2 /* Pods-training.debug.xcconfig */ = {isa = PBXFileReference; includeInIndex = 1; lastKnownFileType = text.xcconfig; name = "Pods-training.debug.xcconfig"; path = "Target Support Files/Pods-training/Pods-training.debug.xcconfig"; sourceTree = "<group>"; };
		D7D825CA26832BD20056C5C7 /* training.app */ = {isa = PBXFileReference; explicitFileType = wrapper.application; includeInIndex = 0; path = training.app; sourceTree = BUILT_PRODUCTS_DIR; };
		D7D825CD26832BD20056C5C7 /* AppDelegate.swift */ = {isa = PBXFileReference; lastKnownFileType = sourcecode.swift; path = AppDelegate.swift; sourceTree = "<group>"; };
		D7D825CF26832BD20056C5C7 /* SceneDelegate.swift */ = {isa = PBXFileReference; lastKnownFileType = sourcecode.swift; path = SceneDelegate.swift; sourceTree = "<group>"; };
		D7D825D126832BD20056C5C7 /* ViewController.swift */ = {isa = PBXFileReference; lastKnownFileType = sourcecode.swift; path = ViewController.swift; sourceTree = "<group>"; };
		D7D825D426832BD20056C5C7 /* Base */ = {isa = PBXFileReference; lastKnownFileType = file.storyboard; name = Base; path = Base.lproj/Main.storyboard; sourceTree = "<group>"; };
		D7D825D626832BD40056C5C7 /* Assets.xcassets */ = {isa = PBXFileReference; lastKnownFileType = folder.assetcatalog; path = Assets.xcassets; sourceTree = "<group>"; };
		D7D825D926832BD40056C5C7 /* Base */ = {isa = PBXFileReference; lastKnownFileType = file.storyboard; name = Base; path = Base.lproj/LaunchScreen.storyboard; sourceTree = "<group>"; };
		D7D825DB26832BD40056C5C7 /* Info.plist */ = {isa = PBXFileReference; lastKnownFileType = text.plist.xml; path = Info.plist; sourceTree = "<group>"; };
		D7D825F7268336270056C5C7 /* AboutViewController.swift */ = {isa = PBXFileReference; lastKnownFileType = sourcecode.swift; path = AboutViewController.swift; sourceTree = "<group>"; };
/* End PBXFileReference section */

/* Begin PBXFrameworksBuildPhase section */
		D7D825C726832BD20056C5C7 /* Frameworks */ = {
			isa = PBXFrameworksBuildPhase;
			buildActionMask = 2147483647;
			files = (
				F2A02DE4A986DFACDF1964FB /* Pods_training.framework in Frameworks */,
			);
			runOnlyForDeploymentPostprocessing = 0;
		};
/* End PBXFrameworksBuildPhase section */

/* Begin PBXGroup section */
		04A6D551B352C64493E08463 /* Frameworks */ = {
			isa = PBXGroup;
			children = (
				44481E2523FC6820D949F6EC /* Pods_training.framework */,
			);
			name = Frameworks;
			sourceTree = "<group>";
		};
		7A831DB2AE23FD418090CAD5 /* Pods */ = {
			isa = PBXGroup;
			children = (
				C67207E688BA3928339BF7B2 /* Pods-training.debug.xcconfig */,
				30876009133822EF5D90BE01 /* Pods-training.release.xcconfig */,
			);
			path = Pods;
			sourceTree = "<group>";
		};
		D7D825C126832BD20056C5C7 = {
			isa = PBXGroup;
			children = (
				D7D825CC26832BD20056C5C7 /* training */,
				D7D825CB26832BD20056C5C7 /* Products */,
				7A831DB2AE23FD418090CAD5 /* Pods */,
				04A6D551B352C64493E08463 /* Frameworks */,
			);
			sourceTree = "<group>";
		};
		D7D825CB26832BD20056C5C7 /* Products */ = {
			isa = PBXGroup;
			children = (
				D7D825CA26832BD20056C5C7 /* training.app */,
			);
			name = Products;
			sourceTree = "<group>";
		};
		D7D825CC26832BD20056C5C7 /* training */ = {
			isa = PBXGroup;
			children = (
				D7D825CD26832BD20056C5C7 /* AppDelegate.swift */,
				D7D825CF26832BD20056C5C7 /* SceneDelegate.swift */,
				D7D825EE268335AA0056C5C7 /* views */,
				D7D825D126832BD20056C5C7 /* ViewController.swift */,
				D7D825D326832BD20056C5C7 /* Main.storyboard */,
				D7D825D626832BD40056C5C7 /* Assets.xcassets */,
				D7D825D826832BD40056C5C7 /* LaunchScreen.storyboard */,
				D7D825DB26832BD40056C5C7 /* Info.plist */,
			);
			path = training;
			sourceTree = "<group>";
		};
		D7D825EE268335AA0056C5C7 /* views */ = {
			isa = PBXGroup;
			children = (
				D7D825F7268336270056C5C7 /* AboutViewController.swift */,
			);
			path = views;
			sourceTree = "<group>";
		};
/* End PBXGroup section */

/* Begin PBXNativeTarget section */
		D7D825C926832BD20056C5C7 /* training */ = {
			isa = PBXNativeTarget;
			buildConfigurationList = D7D825DE26832BD40056C5C7 /* Build configuration list for PBXNativeTarget "training" */;
			buildPhases = (
				E4C7582E405262339AFCCC60 /* [CP] Check Pods Manifest.lock */,
				D7D825C626832BD20056C5C7 /* Sources */,
				D7D825C726832BD20056C5C7 /* Frameworks */,
				D7D825C826832BD20056C5C7 /* Resources */,
				640D46F9F846EAAE411B8DCD /* [CP] Embed Pods Frameworks */,
			);
			buildRules = (
			);
			dependencies = (
			);
			name = training;
			productName = training;
			productReference = D7D825CA26832BD20056C5C7 /* training.app */;
			productType = "com.apple.product-type.application";
		};
/* End PBXNativeTarget section */

/* Begin PBXProject section */
		D7D825C226832BD20056C5C7 /* Project object */ = {
			isa = PBXProject;
			attributes = {
				LastSwiftUpdateCheck = 1230;
				LastUpgradeCheck = 1230;
				TargetAttributes = {
					D7D825C926832BD20056C5C7 = {
						CreatedOnToolsVersion = 12.3;
					};
				};
			};
			buildConfigurationList = D7D825C526832BD20056C5C7 /* Build configuration list for PBXProject "training" */;
			compatibilityVersion = "Xcode 9.3";
			developmentRegion = en;
			hasScannedForEncodings = 0;
			knownRegions = (
				en,
				Base,
			);
			mainGroup = D7D825C126832BD20056C5C7;
			productRefGroup = D7D825CB26832BD20056C5C7 /* Products */;
			projectDirPath = "";
			projectRoot = "";
			targets = (
				D7D825C926832BD20056C5C7 /* training */,
			);
		};
/* End PBXProject section */

/* Begin PBXResourcesBuildPhase section */
		D7D825C826832BD20056C5C7 /* Resources */ = {
			isa = PBXResourcesBuildPhase;
			buildActionMask = 2147483647;
			files = (
				D7D825DA26832BD40056C5C7 /* LaunchScreen.storyboard in Resources */,
				D7D825D726832BD40056C5C7 /* Assets.xcassets in Resources */,
				D7D825D526832BD20056C5C7 /* Main.storyboard in Resources */,
			);
			runOnlyForDeploymentPostprocessing = 0;
		};
/* End PBXResourcesBuildPhase section */

/* Begin PBXShellScriptBuildPhase section */
		640D46F9F846EAAE411B8DCD /* [CP] Embed Pods Frameworks */ = {
			isa = PBXShellScriptBuildPhase;
			buildActionMask = 2147483647;
			files = (
			);
			inputFileListPaths = (
				"${PODS_ROOT}/Target Support Files/Pods-training/Pods-training-frameworks-${CONFIGURATION}-input-files.xcfilelist",
			);
			name = "[CP] Embed Pods Frameworks";
			outputFileListPaths = (
				"${PODS_ROOT}/Target Support Files/Pods-training/Pods-training-frameworks-${CONFIGURATION}-output-files.xcfilelist",
			);
			runOnlyForDeploymentPostprocessing = 0;
			shellPath = /bin/sh;
			shellScript = "\"${PODS_ROOT}/Target Support Files/Pods-training/Pods-training-frameworks.sh\"\n";
			showEnvVarsInLog = 0;
		};
		E4C7582E405262339AFCCC60 /* [CP] Check Pods Manifest.lock */ = {
			isa = PBXShellScriptBuildPhase;
			buildActionMask = 2147483647;
			files = (
			);
			inputFileListPaths = (
			);
			inputPaths = (
				"${PODS_PODFILE_DIR_PATH}/Podfile.lock",
				"${PODS_ROOT}/Manifest.lock",
			);
			name = "[CP] Check Pods Manifest.lock";
			outputFileListPaths = (
			);
			outputPaths = (
				"$(DERIVED_FILE_DIR)/Pods-training-checkManifestLockResult.txt",
			);
			runOnlyForDeploymentPostprocessing = 0;
			shellPath = /bin/sh;
			shellScript = "diff \"${PODS_PODFILE_DIR_PATH}/Podfile.lock\" \"${PODS_ROOT}/Manifest.lock\" > /dev/null\nif [ $? != 0 ] ; then\n    # print error to STDERR\n    echo \"error: The sandbox is not in sync with the Podfile.lock. Run 'pod install' or update your CocoaPods installation.\" >&2\n    exit 1\nfi\n# This output is used by Xcode 'outputs' to avoid re-running this script phase.\necho \"SUCCESS\" > \"${SCRIPT_OUTPUT_FILE_0}\"\n";
			showEnvVarsInLog = 0;
		};
/* End PBXShellScriptBuildPhase section */

/* Begin PBXSourcesBuildPhase section */
		D7D825C626832BD20056C5C7 /* Sources */ = {
			isa = PBXSourcesBuildPhase;
			buildActionMask = 2147483647;
			files = (
				D7D825D226832BD20056C5C7 /* ViewController.swift in Sources */,
				D7D825CE26832BD20056C5C7 /* AppDelegate.swift in Sources */,
				D7D825F8268336270056C5C7 /* AboutViewController.swift in Sources */,
				D7D825D026832BD20056C5C7 /* SceneDelegate.swift in Sources */,
			);
			runOnlyForDeploymentPostprocessing = 0;
		};
/* End PBXSourcesBuildPhase section */

/* Begin PBXVariantGroup section */
		D7D825D326832BD20056C5C7 /* Main.storyboard */ = {
			isa = PBXVariantGroup;
			children = (
				D7D825D426832BD20056C5C7 /* Base */,
			);
			name = Main.storyboard;
			sourceTree = "<group>";
		};
		D7D825D826832BD40056C5C7 /* LaunchScreen.storyboard */ = {
			isa = PBXVariantGroup;
			children = (
				D7D825D926832BD40056C5C7 /* Base */,
			);
			name = LaunchScreen.storyboard;
			sourceTree = "<group>";
		};
/* End PBXVariantGroup section */

/* Begin XCBuildConfiguration section */
		D7D825DC26832BD40056C5C7 /* Debug */ = {
			isa = XCBuildConfiguration;
			buildSettings = {
				ALWAYS_SEARCH_USER_PATHS = NO;
				CLANG_ANALYZER_NONNULL = YES;
				CLANG_ANALYZER_NUMBER_OBJECT_CONVERSION = YES_AGGRESSIVE;
				CLANG_CXX_LANGUAGE_STANDARD = "gnu++14";
				CLANG_CXX_LIBRARY = "libc++";
				CLANG_ENABLE_MODULES = YES;
				CLANG_ENABLE_OBJC_ARC = YES;
				CLANG_ENABLE_OBJC_WEAK = YES;
				CLANG_WARN_BLOCK_CAPTURE_AUTORELEASING = YES;
				CLANG_WARN_BOOL_CONVERSION = YES;
				CLANG_WARN_COMMA = YES;
				CLANG_WARN_CONSTANT_CONVERSION = YES;
				CLANG_WARN_DEPRECATED_OBJC_IMPLEMENTATIONS = YES;
				CLANG_WARN_DIRECT_OBJC_ISA_USAGE = YES_ERROR;
				CLANG_WARN_DOCUMENTATION_COMMENTS = YES;
				CLANG_WARN_EMPTY_BODY = YES;
				CLANG_WARN_ENUM_CONVERSION = YES;
				CLANG_WARN_INFINITE_RECURSION = YES;
				CLANG_WARN_INT_CONVERSION = YES;
				CLANG_WARN_NON_LITERAL_NULL_CONVERSION = YES;
				CLANG_WARN_OBJC_IMPLICIT_RETAIN_SELF = YES;
				CLANG_WARN_OBJC_LITERAL_CONVERSION = YES;
				CLANG_WARN_OBJC_ROOT_CLASS = YES_ERROR;
				CLANG_WARN_QUOTED_INCLUDE_IN_FRAMEWORK_HEADER = YES;
				CLANG_WARN_RANGE_LOOP_ANALYSIS = YES;
				CLANG_WARN_STRICT_PROTOTYPES = YES;
				CLANG_WARN_SUSPICIOUS_MOVE = YES;
				CLANG_WARN_UNGUARDED_AVAILABILITY = YES_AGGRESSIVE;
				CLANG_WARN_UNREACHABLE_CODE = YES;
				CLANG_WARN__DUPLICATE_METHOD_MATCH = YES;
				COPY_PHASE_STRIP = NO;
				DEBUG_INFORMATION_FORMAT = dwarf;
				ENABLE_STRICT_OBJC_MSGSEND = YES;
				ENABLE_TESTABILITY = YES;
				GCC_C_LANGUAGE_STANDARD = gnu11;
				GCC_DYNAMIC_NO_PIC = NO;
				GCC_NO_COMMON_BLOCKS = YES;
				GCC_OPTIMIZATION_LEVEL = 0;
				GCC_PREPROCESSOR_DEFINITIONS = (
					"DEBUG=1",
					"$(inherited)",
				);
				GCC_WARN_64_TO_32_BIT_CONVERSION = YES;
				GCC_WARN_ABOUT_RETURN_TYPE = YES_ERROR;
				GCC_WARN_UNDECLARED_SELECTOR = YES;
				GCC_WARN_UNINITIALIZED_AUTOS = YES_AGGRESSIVE;
				GCC_WARN_UNUSED_FUNCTION = YES;
				GCC_WARN_UNUSED_VARIABLE = YES;
				IPHONEOS_DEPLOYMENT_TARGET = 14.3;
				MTL_ENABLE_DEBUG_INFO = INCLUDE_SOURCE;
				MTL_FAST_MATH = YES;
				ONLY_ACTIVE_ARCH = YES;
				SDKROOT = iphoneos;
				SWIFT_ACTIVE_COMPILATION_CONDITIONS = DEBUG;
				SWIFT_OPTIMIZATION_LEVEL = "-Onone";
			};
			name = Debug;
		};
		D7D825DD26832BD40056C5C7 /* Release */ = {
			isa = XCBuildConfiguration;
			buildSettings = {
				ALWAYS_SEARCH_USER_PATHS = NO;
				CLANG_ANALYZER_NONNULL = YES;
				CLANG_ANALYZER_NUMBER_OBJECT_CONVERSION = YES_AGGRESSIVE;
				CLANG_CXX_LANGUAGE_STANDARD = "gnu++14";
				CLANG_CXX_LIBRARY = "libc++";
				CLANG_ENABLE_MODULES = YES;
				CLANG_ENABLE_OBJC_ARC = YES;
				CLANG_ENABLE_OBJC_WEAK = YES;
				CLANG_WARN_BLOCK_CAPTURE_AUTORELEASING = YES;
				CLANG_WARN_BOOL_CONVERSION = YES;
				CLANG_WARN_COMMA = YES;
				CLANG_WARN_CONSTANT_CONVERSION = YES;
				CLANG_WARN_DEPRECATED_OBJC_IMPLEMENTATIONS = YES;
				CLANG_WARN_DIRECT_OBJC_ISA_USAGE = YES_ERROR;
				CLANG_WARN_DOCUMENTATION_COMMENTS = YES;
				CLANG_WARN_EMPTY_BODY = YES;
				CLANG_WARN_ENUM_CONVERSION = YES;
				CLANG_WARN_INFINITE_RECURSION = YES;
				CLANG_WARN_INT_CONVERSION = YES;
				CLANG_WARN_NON_LITERAL_NULL_CONVERSION = YES;
				CLANG_WARN_OBJC_IMPLICIT_RETAIN_SELF = YES;
				CLANG_WARN_OBJC_LITERAL_CONVERSION = YES;
				CLANG_WARN_OBJC_ROOT_CLASS = YES_ERROR;
				CLANG_WARN_QUOTED_INCLUDE_IN_FRAMEWORK_HEADER = YES;
				CLANG_WARN_RANGE_LOOP_ANALYSIS = YES;
				CLANG_WARN_STRICT_PROTOTYPES = YES;
				CLANG_WARN_SUSPICIOUS_MOVE = YES;
				CLANG_WARN_UNGUARDED_AVAILABILITY = YES_AGGRESSIVE;
				CLANG_WARN_UNREACHABLE_CODE = YES;
				CLANG_WARN__DUPLICATE_METHOD_MATCH = YES;
				COPY_PHASE_STRIP = NO;
				DEBUG_INFORMATION_FORMAT = "dwarf-with-dsym";
				ENABLE_NS_ASSERTIONS = NO;
				ENABLE_STRICT_OBJC_MSGSEND = YES;
				GCC_C_LANGUAGE_STANDARD = gnu11;
				GCC_NO_COMMON_BLOCKS = YES;
				GCC_WARN_64_TO_32_BIT_CONVERSION = YES;
				GCC_WARN_ABOUT_RETURN_TYPE = YES_ERROR;
				GCC_WARN_UNDECLARED_SELECTOR = YES;
				GCC_WARN_UNINITIALIZED_AUTOS = YES_AGGRESSIVE;
				GCC_WARN_UNUSED_FUNCTION = YES;
				GCC_WARN_UNUSED_VARIABLE = YES;
				IPHONEOS_DEPLOYMENT_TARGET = 14.3;
				MTL_ENABLE_DEBUG_INFO = NO;
				MTL_FAST_MATH = YES;
				SDKROOT = iphoneos;
				SWIFT_COMPILATION_MODE = wholemodule;
				SWIFT_OPTIMIZATION_LEVEL = "-O";
				VALIDATE_PRODUCT = YES;
			};
			name = Release;
		};
		D7D825DF26832BD40056C5C7 /* Debug */ = {
			isa = XCBuildConfiguration;
			baseConfigurationReference = C67207E688BA3928339BF7B2 /* Pods-training.debug.xcconfig */;
			buildSettings = {
				ASSETCATALOG_COMPILER_APPICON_NAME = AppIcon;
				ASSETCATALOG_COMPILER_GLOBAL_ACCENT_COLOR_NAME = AccentColor;
				CODE_SIGN_STYLE = Automatic;
				INFOPLIST_FILE = training/Info.plist;
				LD_RUNPATH_SEARCH_PATHS = (
					"$(inherited)",
					"@executable_path/Frameworks",
				);
				PRODUCT_BUNDLE_IDENTIFIER = kz.dauletmussabayev.training;
				PRODUCT_NAME = "$(TARGET_NAME)";
				SWIFT_VERSION = 5.0;
				TARGETED_DEVICE_FAMILY = "1,2";
			};
			name = Debug;
		};
		D7D825E026832BD40056C5C7 /* Release */ = {
			isa = XCBuildConfiguration;
			baseConfigurationReference = 30876009133822EF5D90BE01 /* Pods-training.release.xcconfig */;
			buildSettings = {
				ASSETCATALOG_COMPILER_APPICON_NAME = AppIcon;
				ASSETCATALOG_COMPILER_GLOBAL_ACCENT_COLOR_NAME = AccentColor;
				CODE_SIGN_STYLE = Automatic;
				INFOPLIST_FILE = training/Info.plist;
				LD_RUNPATH_SEARCH_PATHS = (
					"$(inherited)",
					"@executable_path/Frameworks",
				);
				PRODUCT_BUNDLE_IDENTIFIER = kz.dauletmussabayev.training;
				PRODUCT_NAME = "$(TARGET_NAME)";
				SWIFT_VERSION = 5.0;
				TARGETED_DEVICE_FAMILY = "1,2";
			};
			name = Release;
		};
/* End XCBuildConfiguration section */

/* Begin XCConfigurationList section */
		D7D825C526832BD20056C5C7 /* Build configuration list for PBXProject "training" */ = {
			isa = XCConfigurationList;
			buildConfigurations = (
				D7D825DC26832BD40056C5C7 /* Debug */,
				D7D825DD26832BD40056C5C7 /* Release */,
			);
			defaultConfigurationIsVisible = 0;
			defaultConfigurationName = Release;
		};
		D7D825DE26832BD40056C5C7 /* Build configuration list for PBXNativeTarget "training" */ = {
			isa = XCConfigurationList;
			buildConfigurations = (
				D7D825DF26832BD40056C5C7 /* Debug */,
				D7D825E026832BD40056C5C7 /* Release */,
			);
			defaultConfigurationIsVisible = 0;
			defaultConfigurationName = Release;
		};
/* End XCConfigurationList section */
	};
	rootObject = D7D825C226832BD20056C5C7 /* Project object */;
}
